
Microsoft Visual Studio Solution File, Format Version 12.00
# Visual Studio Version 16
VisualStudioVersion = 16.0.31702.278
MinimumVisualStudioVersion = 10.0.40219.1
Project("{FAE04EC0-301F-11D3-BF4B-00C04F79EFBC}") = "PerformanceCounterUsageExample", "PerformanceCounterUsageExample.csproj", "{1193E1A5-3A6F-4A36-AE67-065545218802}"
EndProject
Global
	GlobalSection(SolutionConfigurationPlatforms) = preSolution
		Debug|Any CPU = Debug|Any CPU
		Release|Any CPU = Release|Any CPU
	EndGlobalSection
	GlobalSection(ProjectConfigurationPlatforms) = postSolution
		{1193E1A5-3A6F-4A36-AE67-065545218802}.Debug|Any CPU.ActiveCfg = Debug|Any CPU
		{1193E1A5-3A6F-4A36-AE67-065545218802}.Debug|Any CPU.Build.0 = Debug|Any CPU
		{1193E1A5-3A6F-4A36-AE67-065545218802}.Release|Any CPU.ActiveCfg = Release|Any CPU
		{1193E1A5-3A6F-4A36-AE67-065545218802}.Release|Any CPU.Build.0 = Release|Any CPU
	EndGlobalSection
	GlobalSection(SolutionProperties) = preSolution
		HideSolutionNode = FALSE
	EndGlobalSection
	GlobalSection(ExtensibilityGlobals) = postSolution
		SolutionGuid = {391D7568-AFDC-4F9E-AE80-88D1A05745A2}
	EndGlobalSection
EndGlobal
